// !$*UTF8*$!
{
	archiveVersion = 1;
	classes = {
	};
	objectVersion = 56;
	objects = {

/* Begin PBXBuildFile section */
		D40D795C2C07626000D5764B /* OnBoardingView.swift in Sources */ = {isa = PBXBuildFile; fileRef = D40D795B2C07626000D5764B /* OnBoardingView.swift */; };
		D4159DC12C10F68800C9F1A3 /* GroupView.swift in Sources */ = {isa = PBXBuildFile; fileRef = D4159DC02C10F68800C9F1A3 /* GroupView.swift */; };
		D4159DC32C11128F00C9F1A3 /* RettangoloGrigio.swift in Sources */ = {isa = PBXBuildFile; fileRef = D4159DC22C11128F00C9F1A3 /* RettangoloGrigio.swift */; };
		D416DEB12BF79C010082E475 /* DeafApp.swift in Sources */ = {isa = PBXBuildFile; fileRef = D416DEB02BF79C010082E475 /* DeafApp.swift */; };
		D416DEB32BF79C010082E475 /* ContentView.swift in Sources */ = {isa = PBXBuildFile; fileRef = D416DEB22BF79C010082E475 /* ContentView.swift */; };
		D416DEB52BF79C020082E475 /* Assets.xcassets in Resources */ = {isa = PBXBuildFile; fileRef = D416DEB42BF79C020082E475 /* Assets.xcassets */; };
		D416DEBF2BF7A0D00082E475 /* SpeechRecognizer.swift in Sources */ = {isa = PBXBuildFile; fileRef = D416DEBE2BF7A0D00082E475 /* SpeechRecognizer.swift */; };
		D433F13C2C0F851C00FF2963 /* Ali.swift in Sources */ = {isa = PBXBuildFile; fileRef = D433F13B2C0F851C00FF2963 /* Ali.swift */; };
		D44317842C2D998B00623DF9 /* WidgetKit.framework in Frameworks */ = {isa = PBXBuildFile; fileRef = D44317832C2D998B00623DF9 /* WidgetKit.framework */; };
		D44317852C2D998B00623DF9 /* SwiftUI.framework in Frameworks */ = {isa = PBXBuildFile; fileRef = D4FBDB552BFB8D0900B28F57 /* SwiftUI.framework */; };
		D44317882C2D998B00623DF9 /* AraWidgetBundle.swift in Sources */ = {isa = PBXBuildFile; fileRef = D44317872C2D998B00623DF9 /* AraWidgetBundle.swift */; };
		D443178A2C2D998B00623DF9 /* AraWidgetLiveActivity.swift in Sources */ = {isa = PBXBuildFile; fileRef = D44317892C2D998B00623DF9 /* AraWidgetLiveActivity.swift */; };
		D44317902C2D998D00623DF9 /* Assets.xcassets in Resources */ = {isa = PBXBuildFile; fileRef = D443178F2C2D998D00623DF9 /* Assets.xcassets */; };
		D44317942C2D998D00623DF9 /* AraWidgetExtension.appex in Embed Foundation Extensions */ = {isa = PBXBuildFile; fileRef = D44317822C2D998B00623DF9 /* AraWidgetExtension.appex */; settings = {ATTRIBUTES = (RemoveHeadersOnCopy, ); }; };
		D44317992C2DAC2B00623DF9 /* SetLiveActivity.swift in Sources */ = {isa = PBXBuildFile; fileRef = D44317982C2DAC2B00623DF9 /* SetLiveActivity.swift */; };
		D44B7D692C19E26D007AD556 /* Caricamento.swift in Sources */ = {isa = PBXBuildFile; fileRef = D44B7D682C19E26D007AD556 /* Caricamento.swift */; };
		D452ED272C061B9F00C592D3 /* Preview Assets.xcassets in Resources */ = {isa = PBXBuildFile; fileRef = D452ED262C061B9F00C592D3 /* Preview Assets.xcassets */; };
		D47F335E2C07BDCF00A82C02 /* ModalView.swift in Sources */ = {isa = PBXBuildFile; fileRef = D47F335D2C07BDCF00A82C02 /* ModalView.swift */; };
		D47F33602C07BF7C00A82C02 /* RecordButton.swift in Sources */ = {isa = PBXBuildFile; fileRef = D47F335F2C07BF7C00A82C02 /* RecordButton.swift */; };
		D489EB302C060610005ABFBD /* SettingsView.swift in Sources */ = {isa = PBXBuildFile; fileRef = D489EB2F2C060610005ABFBD /* SettingsView.swift */; };
		D489EB322C06061D005ABFBD /* SavedRecords.swift in Sources */ = {isa = PBXBuildFile; fileRef = D489EB312C06061D005ABFBD /* SavedRecords.swift */; };
		D489EB342C06097D005ABFBD /* RecordView.swift in Sources */ = {isa = PBXBuildFile; fileRef = D489EB332C06097D005ABFBD /* RecordView.swift */; };
		D4BC7FC92C2E07850049AE70 /* AraWidgetAttributes.swift in Sources */ = {isa = PBXBuildFile; fileRef = D4BC7FC82C2E07850049AE70 /* AraWidgetAttributes.swift */; };
		D4BC7FCA2C2E07850049AE70 /* AraWidgetAttributes.swift in Sources */ = {isa = PBXBuildFile; fileRef = D4BC7FC82C2E07850049AE70 /* AraWidgetAttributes.swift */; };
		D4C66D592BFF822C00B585E4 /* AVFoundation.framework in Frameworks */ = {isa = PBXBuildFile; fileRef = D4C66D582BFF822C00B585E4 /* AVFoundation.framework */; };
		D4C66D5B2BFF823100B585E4 /* Speech.framework in Frameworks */ = {isa = PBXBuildFile; fileRef = D4C66D5A2BFF823100B585E4 /* Speech.framework */; };
		D4C66D6A2C020DEE00B585E4 /* TranscriptView.swift in Sources */ = {isa = PBXBuildFile; fileRef = D4C66D692C020DEE00B585E4 /* TranscriptView.swift */; };
		D4DDE5A32C04BAF1002E0E74 /* AudioRecord.swift in Sources */ = {isa = PBXBuildFile; fileRef = D4DDE5A22C04BAF1002E0E74 /* AudioRecord.swift */; };
		D4E01D8F2C0E5A190018135B /* Localizable.xcstrings in Resources */ = {isa = PBXBuildFile; fileRef = D4E01D8E2C0E5A190018135B /* Localizable.xcstrings */; };
		D4E01D932C0F4AEB0018135B /* ProView.swift in Sources */ = {isa = PBXBuildFile; fileRef = D4E01D922C0F4AEB0018135B /* ProView.swift */; };
/* End PBXBuildFile section */

/* Begin PBXContainerItemProxy section */
		D44317922C2D998D00623DF9 /* PBXContainerItemProxy */ = {
			isa = PBXContainerItemProxy;
			containerPortal = D416DEA52BF79C010082E475 /* Project object */;
			proxyType = 1;
			remoteGlobalIDString = D44317812C2D998B00623DF9;
			remoteInfo = AraWidgetExtension;
		};
/* End PBXContainerItemProxy section */

/* Begin PBXCopyFilesBuildPhase section */
		D4FBDB692BFB8D0A00B28F57 /* Embed Foundation Extensions */ = {
			isa = PBXCopyFilesBuildPhase;
			buildActionMask = 2147483647;
			dstPath = "";
			dstSubfolderSpec = 13;
			files = (
				D44317942C2D998D00623DF9 /* AraWidgetExtension.appex in Embed Foundation Extensions */,
			);
			name = "Embed Foundation Extensions";
			runOnlyForDeploymentPostprocessing = 0;
		};
/* End PBXCopyFilesBuildPhase section */

/* Begin PBXFileReference section */
		D40D795B2C07626000D5764B /* OnBoardingView.swift */ = {isa = PBXFileReference; lastKnownFileType = sourcecode.swift; path = OnBoardingView.swift; sourceTree = "<group>"; };
		D4159DC02C10F68800C9F1A3 /* GroupView.swift */ = {isa = PBXFileReference; lastKnownFileType = sourcecode.swift; path = GroupView.swift; sourceTree = "<group>"; };
		D4159DC22C11128F00C9F1A3 /* RettangoloGrigio.swift */ = {isa = PBXFileReference; lastKnownFileType = sourcecode.swift; path = RettangoloGrigio.swift; sourceTree = "<group>"; };
		D416DEAD2BF79C010082E475 /* Ara.app */ = {isa = PBXFileReference; explicitFileType = wrapper.application; includeInIndex = 0; path = Ara.app; sourceTree = BUILT_PRODUCTS_DIR; };
		D416DEB02BF79C010082E475 /* DeafApp.swift */ = {isa = PBXFileReference; lastKnownFileType = sourcecode.swift; path = DeafApp.swift; sourceTree = "<group>"; };
		D416DEB22BF79C010082E475 /* ContentView.swift */ = {isa = PBXFileReference; lastKnownFileType = sourcecode.swift; path = ContentView.swift; sourceTree = "<group>"; };
		D416DEB42BF79C020082E475 /* Assets.xcassets */ = {isa = PBXFileReference; lastKnownFileType = folder.assetcatalog; path = Assets.xcassets; sourceTree = "<group>"; };
		D416DEBE2BF7A0D00082E475 /* SpeechRecognizer.swift */ = {isa = PBXFileReference; lastKnownFileType = sourcecode.swift; path = SpeechRecognizer.swift; sourceTree = "<group>"; };
		D433F13B2C0F851C00FF2963 /* Ali.swift */ = {isa = PBXFileReference; lastKnownFileType = sourcecode.swift; path = Ali.swift; sourceTree = "<group>"; };
		D44317822C2D998B00623DF9 /* AraWidgetExtension.appex */ = {isa = PBXFileReference; explicitFileType = "wrapper.app-extension"; includeInIndex = 0; path = AraWidgetExtension.appex; sourceTree = BUILT_PRODUCTS_DIR; };
		D44317832C2D998B00623DF9 /* WidgetKit.framework */ = {isa = PBXFileReference; lastKnownFileType = wrapper.framework; name = WidgetKit.framework; path = System/Library/Frameworks/WidgetKit.framework; sourceTree = SDKROOT; };
		D44317872C2D998B00623DF9 /* AraWidgetBundle.swift */ = {isa = PBXFileReference; lastKnownFileType = sourcecode.swift; path = AraWidgetBundle.swift; sourceTree = "<group>"; };
		D44317892C2D998B00623DF9 /* AraWidgetLiveActivity.swift */ = {isa = PBXFileReference; lastKnownFileType = sourcecode.swift; path = AraWidgetLiveActivity.swift; sourceTree = "<group>"; };
		D443178F2C2D998D00623DF9 /* Assets.xcassets */ = {isa = PBXFileReference; lastKnownFileType = folder.assetcatalog; path = Assets.xcassets; sourceTree = "<group>"; };
		D44317912C2D998D00623DF9 /* Info.plist */ = {isa = PBXFileReference; lastKnownFileType = text.plist.xml; path = Info.plist; sourceTree = "<group>"; };
		D44317982C2DAC2B00623DF9 /* SetLiveActivity.swift */ = {isa = PBXFileReference; lastKnownFileType = sourcecode.swift; path = SetLiveActivity.swift; sourceTree = "<group>"; };
		D44AD5E32BFB78C6008C00B1 /* Info.plist */ = {isa = PBXFileReference; lastKnownFileType = text.plist; path = Info.plist; sourceTree = "<group>"; };
		D44B7D682C19E26D007AD556 /* Caricamento.swift */ = {isa = PBXFileReference; lastKnownFileType = sourcecode.swift; path = Caricamento.swift; sourceTree = "<group>"; };
		D452ED262C061B9F00C592D3 /* Preview Assets.xcassets */ = {isa = PBXFileReference; lastKnownFileType = folder.assetcatalog; path = "Preview Assets.xcassets"; sourceTree = "<group>"; };
		D47F335D2C07BDCF00A82C02 /* ModalView.swift */ = {isa = PBXFileReference; lastKnownFileType = sourcecode.swift; path = ModalView.swift; sourceTree = "<group>"; };
		D47F335F2C07BF7C00A82C02 /* RecordButton.swift */ = {isa = PBXFileReference; lastKnownFileType = sourcecode.swift; path = RecordButton.swift; sourceTree = "<group>"; };
		D489EB2F2C060610005ABFBD /* SettingsView.swift */ = {isa = PBXFileReference; lastKnownFileType = sourcecode.swift; path = SettingsView.swift; sourceTree = "<group>"; };
		D489EB312C06061D005ABFBD /* SavedRecords.swift */ = {isa = PBXFileReference; lastKnownFileType = sourcecode.swift; path = SavedRecords.swift; sourceTree = "<group>"; };
		D489EB332C06097D005ABFBD /* RecordView.swift */ = {isa = PBXFileReference; lastKnownFileType = sourcecode.swift; path = RecordView.swift; sourceTree = "<group>"; };
		D4BC7FC82C2E07850049AE70 /* AraWidgetAttributes.swift */ = {isa = PBXFileReference; lastKnownFileType = sourcecode.swift; path = AraWidgetAttributes.swift; sourceTree = "<group>"; };
		D4C66D582BFF822C00B585E4 /* AVFoundation.framework */ = {isa = PBXFileReference; lastKnownFileType = wrapper.framework; name = AVFoundation.framework; path = System/Library/Frameworks/AVFoundation.framework; sourceTree = SDKROOT; };
		D4C66D5A2BFF823100B585E4 /* Speech.framework */ = {isa = PBXFileReference; lastKnownFileType = wrapper.framework; name = Speech.framework; path = System/Library/Frameworks/Speech.framework; sourceTree = SDKROOT; };
		D4C66D692C020DEE00B585E4 /* TranscriptView.swift */ = {isa = PBXFileReference; lastKnownFileType = sourcecode.swift; path = TranscriptView.swift; sourceTree = "<group>"; };
		D4DDE5A22C04BAF1002E0E74 /* AudioRecord.swift */ = {isa = PBXFileReference; lastKnownFileType = sourcecode.swift; path = AudioRecord.swift; sourceTree = "<group>"; };
		D4E01D8E2C0E5A190018135B /* Localizable.xcstrings */ = {isa = PBXFileReference; lastKnownFileType = text.json.xcstrings; path = Localizable.xcstrings; sourceTree = "<group>"; };
		D4E01D922C0F4AEB0018135B /* ProView.swift */ = {isa = PBXFileReference; lastKnownFileType = sourcecode.swift; path = ProView.swift; sourceTree = "<group>"; };
		D4E4A25B2C23587500632942 /* Ara.entitlements */ = {isa = PBXFileReference; lastKnownFileType = text.plist.entitlements; path = Ara.entitlements; sourceTree = "<group>"; };
		D4FBDB552BFB8D0900B28F57 /* SwiftUI.framework */ = {isa = PBXFileReference; lastKnownFileType = wrapper.framework; name = SwiftUI.framework; path = System/Library/Frameworks/SwiftUI.framework; sourceTree = SDKROOT; };
/* End PBXFileReference section */

/* Begin PBXFrameworksBuildPhase section */
		D416DEAA2BF79C010082E475 /* Frameworks */ = {
			isa = PBXFrameworksBuildPhase;
			buildActionMask = 2147483647;
			files = (
				D4C66D592BFF822C00B585E4 /* AVFoundation.framework in Frameworks */,
				D4C66D5B2BFF823100B585E4 /* Speech.framework in Frameworks */,
			);
			runOnlyForDeploymentPostprocessing = 0;
		};
		D443177F2C2D998B00623DF9 /* Frameworks */ = {
			isa = PBXFrameworksBuildPhase;
			buildActionMask = 2147483647;
			files = (
				D44317852C2D998B00623DF9 /* SwiftUI.framework in Frameworks */,
				D44317842C2D998B00623DF9 /* WidgetKit.framework in Frameworks */,
			);
			runOnlyForDeploymentPostprocessing = 0;
		};
/* End PBXFrameworksBuildPhase section */

/* Begin PBXGroup section */
		D40D79562C072EAB00D5764B /* Localize */ = {
			isa = PBXGroup;
			children = (
				D4E01D8E2C0E5A190018135B /* Localizable.xcstrings */,
			);
			path = Localize;
			sourceTree = "<group>";
		};
		D416DEA42BF79C010082E475 = {
			isa = PBXGroup;
			children = (
				D4E4A25B2C23587500632942 /* Ara.entitlements */,
				D416DEAF2BF79C010082E475 /* Deaf */,
				D44317862C2D998B00623DF9 /* AraWidget */,
				D4FBDB522BFB8D0900B28F57 /* Frameworks */,
				D416DEAE2BF79C010082E475 /* Products */,
			);
			sourceTree = "<group>";
		};
		D416DEAE2BF79C010082E475 /* Products */ = {
			isa = PBXGroup;
			children = (
				D416DEAD2BF79C010082E475 /* Ara.app */,
				D44317822C2D998B00623DF9 /* AraWidgetExtension.appex */,
			);
			name = Products;
			sourceTree = "<group>";
		};
		D416DEAF2BF79C010082E475 /* Deaf */ = {
			isa = PBXGroup;
			children = (
				D44AD5E32BFB78C6008C00B1 /* Info.plist */,
				D4DDE5A42C04BB33002E0E74 /* Persistence */,
				D416DEB02BF79C010082E475 /* DeafApp.swift */,
				D40D795B2C07626000D5764B /* OnBoardingView.swift */,
				D416DEB22BF79C010082E475 /* ContentView.swift */,
				D489EB362C061455005ABFBD /* View */,
				D4C66D682C020DD100B585E4 /* SpeechRecognizer */,
				D40D79562C072EAB00D5764B /* Localize */,
				D416DEB42BF79C020082E475 /* Assets.xcassets */,
				D489EB352C060AF5005ABFBD /* Preview Content */,
			);
			path = Deaf;
			sourceTree = "<group>";
		};
		D44317862C2D998B00623DF9 /* AraWidget */ = {
			isa = PBXGroup;
			children = (
				D44317872C2D998B00623DF9 /* AraWidgetBundle.swift */,
				D44317892C2D998B00623DF9 /* AraWidgetLiveActivity.swift */,
				D443178F2C2D998D00623DF9 /* Assets.xcassets */,
				D44317912C2D998D00623DF9 /* Info.plist */,
			);
			path = AraWidget;
			sourceTree = "<group>";
		};
		D443179B2C2DAC5500623DF9 /* LiveActivityFunction */ = {
			isa = PBXGroup;
			children = (
				D44317982C2DAC2B00623DF9 /* SetLiveActivity.swift */,
				D4BC7FC82C2E07850049AE70 /* AraWidgetAttributes.swift */,
			);
			path = LiveActivityFunction;
			sourceTree = "<group>";
		};
		D443179C2C2DB6C700623DF9 /* UIComponents */ = {
			isa = PBXGroup;
			children = (
				D433F13B2C0F851C00FF2963 /* Ali.swift */,
				D44B7D682C19E26D007AD556 /* Caricamento.swift */,
				D47F335F2C07BF7C00A82C02 /* RecordButton.swift */,
				D4159DC02C10F68800C9F1A3 /* GroupView.swift */,
				D4159DC22C11128F00C9F1A3 /* RettangoloGrigio.swift */,
			);
			path = UIComponents;
			sourceTree = "<group>";
		};
		D489EB352C060AF5005ABFBD /* Preview Content */ = {
			isa = PBXGroup;
			children = (
				D452ED262C061B9F00C592D3 /* Preview Assets.xcassets */,
			);
			path = "Preview Content";
			sourceTree = "<group>";
		};
		D489EB362C061455005ABFBD /* View */ = {
			isa = PBXGroup;
			children = (
				D4E01D922C0F4AEB0018135B /* ProView.swift */,
				D489EB2F2C060610005ABFBD /* SettingsView.swift */,
				D489EB312C06061D005ABFBD /* SavedRecords.swift */,
				D489EB332C06097D005ABFBD /* RecordView.swift */,
				D4C66D692C020DEE00B585E4 /* TranscriptView.swift */,
				D47F335D2C07BDCF00A82C02 /* ModalView.swift */,
				D443179C2C2DB6C700623DF9 /* UIComponents */,
				D443179B2C2DAC5500623DF9 /* LiveActivityFunction */,
			);
			path = View;
			sourceTree = "<group>";
		};
		D4C66D682C020DD100B585E4 /* SpeechRecognizer */ = {
			isa = PBXGroup;
			children = (
				D416DEBE2BF7A0D00082E475 /* SpeechRecognizer.swift */,
			);
			path = SpeechRecognizer;
			sourceTree = "<group>";
		};
		D4DDE5A42C04BB33002E0E74 /* Persistence */ = {
			isa = PBXGroup;
			children = (
				D4DDE5A22C04BAF1002E0E74 /* AudioRecord.swift */,
			);
			path = Persistence;
			sourceTree = "<group>";
		};
		D4FBDB522BFB8D0900B28F57 /* Frameworks */ = {
			isa = PBXGroup;
			children = (
				D4C66D5A2BFF823100B585E4 /* Speech.framework */,
				D4C66D582BFF822C00B585E4 /* AVFoundation.framework */,
				D4FBDB552BFB8D0900B28F57 /* SwiftUI.framework */,
				D44317832C2D998B00623DF9 /* WidgetKit.framework */,
			);
			name = Frameworks;
			sourceTree = "<group>";
		};
/* End PBXGroup section */

/* Begin PBXNativeTarget section */
		D416DEAC2BF79C010082E475 /* Ara */ = {
			isa = PBXNativeTarget;
			buildConfigurationList = D416DEBB2BF79C020082E475 /* Build configuration list for PBXNativeTarget "Ara" */;
			buildPhases = (
				D416DEA92BF79C010082E475 /* Sources */,
				D416DEAA2BF79C010082E475 /* Frameworks */,
				D416DEAB2BF79C010082E475 /* Resources */,
				D4FBDB692BFB8D0A00B28F57 /* Embed Foundation Extensions */,
			);
			buildRules = (
			);
			dependencies = (
				D44317932C2D998D00623DF9 /* PBXTargetDependency */,
			);
			name = Ara;
			productName = Deaf;
			productReference = D416DEAD2BF79C010082E475 /* Ara.app */;
			productType = "com.apple.product-type.application";
		};
		D44317812C2D998B00623DF9 /* AraWidgetExtension */ = {
			isa = PBXNativeTarget;
			buildConfigurationList = D44317972C2D998D00623DF9 /* Build configuration list for PBXNativeTarget "AraWidgetExtension" */;
			buildPhases = (
				D443177E2C2D998B00623DF9 /* Sources */,
				D443177F2C2D998B00623DF9 /* Frameworks */,
				D44317802C2D998B00623DF9 /* Resources */,
			);
			buildRules = (
			);
			dependencies = (
			);
			name = AraWidgetExtension;
			productName = AraWidgetExtension;
			productReference = D44317822C2D998B00623DF9 /* AraWidgetExtension.appex */;
			productType = "com.apple.product-type.app-extension";
		};
/* End PBXNativeTarget section */

/* Begin PBXProject section */
		D416DEA52BF79C010082E475 /* Project object */ = {
			isa = PBXProject;
			attributes = {
				BuildIndependentTargetsInParallel = 1;
				LastSwiftUpdateCheck = 1530;
				LastUpgradeCheck = 1530;
				TargetAttributes = {
					D416DEAC2BF79C010082E475 = {
						CreatedOnToolsVersion = 15.3;
					};
					D44317812C2D998B00623DF9 = {
						CreatedOnToolsVersion = 15.3;
					};
				};
			};
			buildConfigurationList = D416DEA82BF79C010082E475 /* Build configuration list for PBXProject "Ara" */;
			compatibilityVersion = "Xcode 14.0";
			developmentRegion = en;
			hasScannedForEncodings = 0;
			knownRegions = (
				en,
				Base,
				it,
			);
			mainGroup = D416DEA42BF79C010082E475;
			productRefGroup = D416DEAE2BF79C010082E475 /* Products */;
			projectDirPath = "";
			projectRoot = "";
			targets = (
				D416DEAC2BF79C010082E475 /* Ara */,
				D44317812C2D998B00623DF9 /* AraWidgetExtension */,
			);
		};
/* End PBXProject section */

/* Begin PBXResourcesBuildPhase section */
		D416DEAB2BF79C010082E475 /* Resources */ = {
			isa = PBXResourcesBuildPhase;
			buildActionMask = 2147483647;
			files = (
				D452ED272C061B9F00C592D3 /* Preview Assets.xcassets in Resources */,
				D416DEB52BF79C020082E475 /* Assets.xcassets in Resources */,
				D4E01D8F2C0E5A190018135B /* Localizable.xcstrings in Resources */,
			);
			runOnlyForDeploymentPostprocessing = 0;
		};
		D44317802C2D998B00623DF9 /* Resources */ = {
			isa = PBXResourcesBuildPhase;
			buildActionMask = 2147483647;
			files = (
				D44317902C2D998D00623DF9 /* Assets.xcassets in Resources */,
			);
			runOnlyForDeploymentPostprocessing = 0;
		};
/* End PBXResourcesBuildPhase section */

/* Begin PBXSourcesBuildPhase section */
		D416DEA92BF79C010082E475 /* Sources */ = {
			isa = PBXSourcesBuildPhase;
			buildActionMask = 2147483647;
			files = (
				D489EB322C06061D005ABFBD /* SavedRecords.swift in Sources */,
				D489EB302C060610005ABFBD /* SettingsView.swift in Sources */,
				D4159DC32C11128F00C9F1A3 /* RettangoloGrigio.swift in Sources */,
				D4159DC12C10F68800C9F1A3 /* GroupView.swift in Sources */,
				D4E01D932C0F4AEB0018135B /* ProView.swift in Sources */,
				D489EB342C06097D005ABFBD /* RecordView.swift in Sources */,
				D47F335E2C07BDCF00A82C02 /* ModalView.swift in Sources */,
				D416DEB32BF79C010082E475 /* ContentView.swift in Sources */,
				D4DDE5A32C04BAF1002E0E74 /* AudioRecord.swift in Sources */,
				D4C66D6A2C020DEE00B585E4 /* TranscriptView.swift in Sources */,
				D433F13C2C0F851C00FF2963 /* Ali.swift in Sources */,
				D44B7D692C19E26D007AD556 /* Caricamento.swift in Sources */,
				D416DEB12BF79C010082E475 /* DeafApp.swift in Sources */,
				D4BC7FC92C2E07850049AE70 /* AraWidgetAttributes.swift in Sources */,
				D416DEBF2BF7A0D00082E475 /* SpeechRecognizer.swift in Sources */,
				D44317992C2DAC2B00623DF9 /* SetLiveActivity.swift in Sources */,
				D47F33602C07BF7C00A82C02 /* RecordButton.swift in Sources */,
				D40D795C2C07626000D5764B /* OnBoardingView.swift in Sources */,
			);
			runOnlyForDeploymentPostprocessing = 0;
		};
		D443177E2C2D998B00623DF9 /* Sources */ = {
			isa = PBXSourcesBuildPhase;
			buildActionMask = 2147483647;
			files = (
				D44317882C2D998B00623DF9 /* AraWidgetBundle.swift in Sources */,
				D443178A2C2D998B00623DF9 /* AraWidgetLiveActivity.swift in Sources */,
				D4BC7FCA2C2E07850049AE70 /* AraWidgetAttributes.swift in Sources */,
			);
			runOnlyForDeploymentPostprocessing = 0;
		};
/* End PBXSourcesBuildPhase section */

/* Begin PBXTargetDependency section */
		D44317932C2D998D00623DF9 /* PBXTargetDependency */ = {
			isa = PBXTargetDependency;
			target = D44317812C2D998B00623DF9 /* AraWidgetExtension */;
			targetProxy = D44317922C2D998D00623DF9 /* PBXContainerItemProxy */;
		};
/* End PBXTargetDependency section */

/* Begin XCBuildConfiguration section */
		D416DEB92BF79C020082E475 /* Debug */ = {
			isa = XCBuildConfiguration;
			buildSettings = {
				ALWAYS_SEARCH_USER_PATHS = NO;
				ASSETCATALOG_COMPILER_GENERATE_SWIFT_ASSET_SYMBOL_EXTENSIONS = YES;
				CLANG_ANALYZER_NONNULL = YES;
				CLANG_ANALYZER_NUMBER_OBJECT_CONVERSION = YES_AGGRESSIVE;
				CLANG_CXX_LANGUAGE_STANDARD = "gnu++20";
				CLANG_ENABLE_MODULES = YES;
				CLANG_ENABLE_OBJC_ARC = YES;
				CLANG_ENABLE_OBJC_WEAK = YES;
				CLANG_WARN_BLOCK_CAPTURE_AUTORELEASING = YES;
				CLANG_WARN_BOOL_CONVERSION = YES;
				CLANG_WARN_COMMA = YES;
				CLANG_WARN_CONSTANT_CONVERSION = YES;
				CLANG_WARN_DEPRECATED_OBJC_IMPLEMENTATIONS = YES;
				CLANG_WARN_DIRECT_OBJC_ISA_USAGE = YES_ERROR;
				CLANG_WARN_DOCUMENTATION_COMMENTS = YES;
				CLANG_WARN_EMPTY_BODY = YES;
				CLANG_WARN_ENUM_CONVERSION = YES;
				CLANG_WARN_INFINITE_RECURSION = YES;
				CLANG_WARN_INT_CONVERSION = YES;
				CLANG_WARN_NON_LITERAL_NULL_CONVERSION = YES;
				CLANG_WARN_OBJC_IMPLICIT_RETAIN_SELF = YES;
				CLANG_WARN_OBJC_LITERAL_CONVERSION = YES;
				CLANG_WARN_OBJC_ROOT_CLASS = YES_ERROR;
				CLANG_WARN_QUOTED_INCLUDE_IN_FRAMEWORK_HEADER = YES;
				CLANG_WARN_RANGE_LOOP_ANALYSIS = YES;
				CLANG_WARN_STRICT_PROTOTYPES = YES;
				CLANG_WARN_SUSPICIOUS_MOVE = YES;
				CLANG_WARN_UNGUARDED_AVAILABILITY = YES_AGGRESSIVE;
				CLANG_WARN_UNREACHABLE_CODE = YES;
				CLANG_WARN__DUPLICATE_METHOD_MATCH = YES;
				COPY_PHASE_STRIP = NO;
				DEBUG_INFORMATION_FORMAT = dwarf;
				ENABLE_STRICT_OBJC_MSGSEND = YES;
				ENABLE_TESTABILITY = YES;
				ENABLE_USER_SCRIPT_SANDBOXING = YES;
				GCC_C_LANGUAGE_STANDARD = gnu17;
				GCC_DYNAMIC_NO_PIC = NO;
				GCC_NO_COMMON_BLOCKS = YES;
				GCC_OPTIMIZATION_LEVEL = 0;
				GCC_PREPROCESSOR_DEFINITIONS = (
					"DEBUG=1",
					"$(inherited)",
				);
				GCC_WARN_64_TO_32_BIT_CONVERSION = YES;
				GCC_WARN_ABOUT_RETURN_TYPE = YES_ERROR;
				GCC_WARN_UNDECLARED_SELECTOR = YES;
				GCC_WARN_UNINITIALIZED_AUTOS = YES_AGGRESSIVE;
				GCC_WARN_UNUSED_FUNCTION = YES;
				GCC_WARN_UNUSED_VARIABLE = YES;
				IPHONEOS_DEPLOYMENT_TARGET = 17.0;
				LOCALIZATION_PREFERS_STRING_CATALOGS = YES;
				MTL_ENABLE_DEBUG_INFO = INCLUDE_SOURCE;
				MTL_FAST_MATH = YES;
				ONLY_ACTIVE_ARCH = YES;
				SDKROOT = iphoneos;
				SWIFT_ACTIVE_COMPILATION_CONDITIONS = "DEBUG $(inherited)";
				SWIFT_OPTIMIZATION_LEVEL = "-Onone";
			};
			name = Debug;
		};
		D416DEBA2BF79C020082E475 /* Release */ = {
			isa = XCBuildConfiguration;
			buildSettings = {
				ALWAYS_SEARCH_USER_PATHS = NO;
				ASSETCATALOG_COMPILER_GENERATE_SWIFT_ASSET_SYMBOL_EXTENSIONS = YES;
				CLANG_ANALYZER_NONNULL = YES;
				CLANG_ANALYZER_NUMBER_OBJECT_CONVERSION = YES_AGGRESSIVE;
				CLANG_CXX_LANGUAGE_STANDARD = "gnu++20";
				CLANG_ENABLE_MODULES = YES;
				CLANG_ENABLE_OBJC_ARC = YES;
				CLANG_ENABLE_OBJC_WEAK = YES;
				CLANG_WARN_BLOCK_CAPTURE_AUTORELEASING = YES;
				CLANG_WARN_BOOL_CONVERSION = YES;
				CLANG_WARN_COMMA = YES;
				CLANG_WARN_CONSTANT_CONVERSION = YES;
				CLANG_WARN_DEPRECATED_OBJC_IMPLEMENTATIONS = YES;
				CLANG_WARN_DIRECT_OBJC_ISA_USAGE = YES_ERROR;
				CLANG_WARN_DOCUMENTATION_COMMENTS = YES;
				CLANG_WARN_EMPTY_BODY = YES;
				CLANG_WARN_ENUM_CONVERSION = YES;
				CLANG_WARN_INFINITE_RECURSION = YES;
				CLANG_WARN_INT_CONVERSION = YES;
				CLANG_WARN_NON_LITERAL_NULL_CONVERSION = YES;
				CLANG_WARN_OBJC_IMPLICIT_RETAIN_SELF = YES;
				CLANG_WARN_OBJC_LITERAL_CONVERSION = YES;
				CLANG_WARN_OBJC_ROOT_CLASS = YES_ERROR;
				CLANG_WARN_QUOTED_INCLUDE_IN_FRAMEWORK_HEADER = YES;
				CLANG_WARN_RANGE_LOOP_ANALYSIS = YES;
				CLANG_WARN_STRICT_PROTOTYPES = YES;
				CLANG_WARN_SUSPICIOUS_MOVE = YES;
				CLANG_WARN_UNGUARDED_AVAILABILITY = YES_AGGRESSIVE;
				CLANG_WARN_UNREACHABLE_CODE = YES;
				CLANG_WARN__DUPLICATE_METHOD_MATCH = YES;
				COPY_PHASE_STRIP = NO;
				DEBUG_INFORMATION_FORMAT = "dwarf-with-dsym";
				ENABLE_NS_ASSERTIONS = NO;
				ENABLE_STRICT_OBJC_MSGSEND = YES;
				ENABLE_USER_SCRIPT_SANDBOXING = YES;
				GCC_C_LANGUAGE_STANDARD = gnu17;
				GCC_NO_COMMON_BLOCKS = YES;
				GCC_WARN_64_TO_32_BIT_CONVERSION = YES;
				GCC_WARN_ABOUT_RETURN_TYPE = YES_ERROR;
				GCC_WARN_UNDECLARED_SELECTOR = YES;
				GCC_WARN_UNINITIALIZED_AUTOS = YES_AGGRESSIVE;
				GCC_WARN_UNUSED_FUNCTION = YES;
				GCC_WARN_UNUSED_VARIABLE = YES;
				IPHONEOS_DEPLOYMENT_TARGET = 17.0;
				LOCALIZATION_PREFERS_STRING_CATALOGS = YES;
				MTL_ENABLE_DEBUG_INFO = NO;
				MTL_FAST_MATH = YES;
				SDKROOT = iphoneos;
				SWIFT_COMPILATION_MODE = wholemodule;
				VALIDATE_PRODUCT = YES;
			};
			name = Release;
		};
		D416DEBC2BF79C020082E475 /* Debug */ = {
			isa = XCBuildConfiguration;
			buildSettings = {
				ALWAYS_EMBED_SWIFT_STANDARD_LIBRARIES = YES;
				ASSETCATALOG_COMPILER_APPICON_NAME = AppIcon;
				ASSETCATALOG_COMPILER_GLOBAL_ACCENT_COLOR_NAME = AccentColor;
				CODE_SIGN_ENTITLEMENTS = Ara.entitlements;
				CODE_SIGN_STYLE = Automatic;
				CURRENT_PROJECT_VERSION = 1;
				DEVELOPMENT_ASSET_PATHS = "\"Deaf/Preview Content\"";
				DEVELOPMENT_TEAM = 6STK5CF75S;
				ENABLE_PREVIEWS = YES;
				GENERATE_INFOPLIST_FILE = YES;
				INFOPLIST_FILE = Deaf/Info.plist;
				INFOPLIST_KEY_CFBundleDisplayName = Ara;
				INFOPLIST_KEY_LSApplicationCategoryType = "";
				INFOPLIST_KEY_NSMicrophoneUsageDescription = "\"Ara need this info to Transcribe\"";
				INFOPLIST_KEY_NSSpeechRecognitionUsageDescription = "\"Ara need this info to Transcribe\"";
				INFOPLIST_KEY_NSSupportsLiveActivities = YES;
				INFOPLIST_KEY_UIApplicationSceneManifest_Generation = YES;
				INFOPLIST_KEY_UIApplicationSupportsIndirectInputEvents = YES;
				INFOPLIST_KEY_UILaunchScreen_Generation = YES;
				INFOPLIST_KEY_UISupportedInterfaceOrientations_iPad = "UIInterfaceOrientationPortrait UIInterfaceOrientationPortraitUpsideDown UIInterfaceOrientationLandscapeLeft UIInterfaceOrientationLandscapeRight";
				INFOPLIST_KEY_UISupportedInterfaceOrientations_iPhone = "UIInterfaceOrientationPortrait UIInterfaceOrientationLandscapeLeft UIInterfaceOrientationLandscapeRight";
				LD_RUNPATH_SEARCH_PATHS = (
					"$(inherited)",
					"@executable_path/Frameworks",
				);
				MARKETING_VERSION = 1.0.3;
				PRODUCT_BUNDLE_IDENTIFIER = com.taekwondodev.Dave;
				PRODUCT_NAME = "$(TARGET_NAME)";
				SUPPORTED_PLATFORMS = "iphoneos iphonesimulator";
				SUPPORTS_MACCATALYST = NO;
				SUPPORTS_MAC_DESIGNED_FOR_IPHONE_IPAD = NO;
				SUPPORTS_XR_DESIGNED_FOR_IPHONE_IPAD = NO;
				SWIFT_EMIT_LOC_STRINGS = YES;
				SWIFT_VERSION = 5.0;
				TARGETED_DEVICE_FAMILY = 1;
			};
			name = Debug;
		};
		D416DEBD2BF79C020082E475 /* Release */ = {
			isa = XCBuildConfiguration;
			buildSettings = {
				ALWAYS_EMBED_SWIFT_STANDARD_LIBRARIES = YES;
				ASSETCATALOG_COMPILER_APPICON_NAME = AppIcon;
				ASSETCATALOG_COMPILER_GLOBAL_ACCENT_COLOR_NAME = AccentColor;
				CODE_SIGN_ENTITLEMENTS = Ara.entitlements;
				CODE_SIGN_STYLE = Automatic;
				CURRENT_PROJECT_VERSION = 1;
				DEVELOPMENT_ASSET_PATHS = "\"Deaf/Preview Content\"";
				DEVELOPMENT_TEAM = 6STK5CF75S;
				ENABLE_PREVIEWS = YES;
				GENERATE_INFOPLIST_FILE = YES;
				INFOPLIST_FILE = Deaf/Info.plist;
				INFOPLIST_KEY_CFBundleDisplayName = Ara;
				INFOPLIST_KEY_LSApplicationCategoryType = "";
				INFOPLIST_KEY_NSMicrophoneUsageDescription = "\"Ara need this info to Transcribe\"";
				INFOPLIST_KEY_NSSpeechRecognitionUsageDescription = "\"Ara need this info to Transcribe\"";
				INFOPLIST_KEY_NSSupportsLiveActivities = YES;
				INFOPLIST_KEY_UIApplicationSceneManifest_Generation = YES;
				INFOPLIST_KEY_UIApplicationSupportsIndirectInputEvents = YES;
				INFOPLIST_KEY_UILaunchScreen_Generation = YES;
				INFOPLIST_KEY_UISupportedInterfaceOrientations_iPad = "UIInterfaceOrientationPortrait UIInterfaceOrientationPortraitUpsideDown UIInterfaceOrientationLandscapeLeft UIInterfaceOrientationLandscapeRight";
				INFOPLIST_KEY_UISupportedInterfaceOrientations_iPhone = "UIInterfaceOrientationPortrait UIInterfaceOrientationLandscapeLeft UIInterfaceOrientationLandscapeRight";
				LD_RUNPATH_SEARCH_PATHS = (
					"$(inherited)",
					"@executable_path/Frameworks",
				);
				MARKETING_VERSION = 1.0.3;
				PRODUCT_BUNDLE_IDENTIFIER = com.taekwondodev.Parrot;
				PRODUCT_NAME = "$(TARGET_NAME)";
				SUPPORTED_PLATFORMS = "iphoneos iphonesimulator";
				SUPPORTS_MACCATALYST = NO;
				SUPPORTS_MAC_DESIGNED_FOR_IPHONE_IPAD = NO;
				SUPPORTS_XR_DESIGNED_FOR_IPHONE_IPAD = NO;
				SWIFT_EMIT_LOC_STRINGS = YES;
				SWIFT_VERSION = 5.0;
				TARGETED_DEVICE_FAMILY = 1;
			};
			name = Release;
		};
		D44317952C2D998D00623DF9 /* Debug */ = {
			isa = XCBuildConfiguration;
			buildSettings = {
				ASSETCATALOG_COMPILER_GLOBAL_ACCENT_COLOR_NAME = AccentColor;
				ASSETCATALOG_COMPILER_WIDGET_BACKGROUND_COLOR_NAME = WidgetBackground;
				CODE_SIGN_STYLE = Automatic;
				CURRENT_PROJECT_VERSION = 1;
				DEVELOPMENT_TEAM = 6STK5CF75S;
				GENERATE_INFOPLIST_FILE = YES;
				INFOPLIST_FILE = AraWidget/Info.plist;
				INFOPLIST_KEY_CFBundleDisplayName = AraWidget;
				INFOPLIST_KEY_NSHumanReadableCopyright = "";
				IPHONEOS_DEPLOYMENT_TARGET = 17.0;
				LD_RUNPATH_SEARCH_PATHS = (
					"$(inherited)",
					"@executable_path/Frameworks",
					"@executable_path/../../Frameworks",
				);
				MARKETING_VERSION = 1.0.3;
				PRODUCT_BUNDLE_IDENTIFIER = com.taekwondodev.Dave.ParrotWidget;
				PRODUCT_NAME = "$(TARGET_NAME)";
				SKIP_INSTALL = YES;
				SUPPORTED_PLATFORMS = "iphoneos iphonesimulator";
				SUPPORTS_MACCATALYST = NO;
				SUPPORTS_MAC_DESIGNED_FOR_IPHONE_IPAD = NO;
				SUPPORTS_XR_DESIGNED_FOR_IPHONE_IPAD = NO;
				SWIFT_EMIT_LOC_STRINGS = YES;
				SWIFT_VERSION = 5.0;
				TARGETED_DEVICE_FAMILY = 1;
			};
			name = Debug;
		};
		D44317962C2D998D00623DF9 /* Release */ = {
			isa = XCBuildConfiguration;
			buildSettings = {
				ASSETCATALOG_COMPILER_GLOBAL_ACCENT_COLOR_NAME = AccentColor;
				ASSETCATALOG_COMPILER_WIDGET_BACKGROUND_COLOR_NAME = WidgetBackground;
				CODE_SIGN_STYLE = Automatic;
				CURRENT_PROJECT_VERSION = 1;
				DEVELOPMENT_TEAM = 6STK5CF75S;
				GENERATE_INFOPLIST_FILE = YES;
				INFOPLIST_FILE = AraWidget/Info.plist;
				INFOPLIST_KEY_CFBundleDisplayName = AraWidget;
				INFOPLIST_KEY_NSHumanReadableCopyright = "";
				IPHONEOS_DEPLOYMENT_TARGET = 17.0;
				LD_RUNPATH_SEARCH_PATHS = (
					"$(inherited)",
					"@executable_path/Frameworks",
					"@executable_path/../../Frameworks",
				);
				MARKETING_VERSION = 1.0.3;
				PRODUCT_BUNDLE_IDENTIFIER = com.taekwondodev.Dave.ParrotWidget;
				PRODUCT_NAME = "$(TARGET_NAME)";
				SKIP_INSTALL = YES;
				SUPPORTED_PLATFORMS = "iphoneos iphonesimulator";
				SUPPORTS_MACCATALYST = NO;
				SUPPORTS_MAC_DESIGNED_FOR_IPHONE_IPAD = NO;
				SUPPORTS_XR_DESIGNED_FOR_IPHONE_IPAD = NO;
				SWIFT_EMIT_LOC_STRINGS = YES;
				SWIFT_VERSION = 5.0;
				TARGETED_DEVICE_FAMILY = 1;
			};
			name = Release;
		};
/* End XCBuildConfiguration section */

/* Begin XCConfigurationList section */
		D416DEA82BF79C010082E475 /* Build configuration list for PBXProject "Ara" */ = {
			isa = XCConfigurationList;
			buildConfigurations = (
				D416DEB92BF79C020082E475 /* Debug */,
				D416DEBA2BF79C020082E475 /* Release */,
			);
			defaultConfigurationIsVisible = 0;
			defaultConfigurationName = Release;
		};
		D416DEBB2BF79C020082E475 /* Build configuration list for PBXNativeTarget "Ara" */ = {
			isa = XCConfigurationList;
			buildConfigurations = (
				D416DEBC2BF79C020082E475 /* Debug */,
				D416DEBD2BF79C020082E475 /* Release */,
			);
			defaultConfigurationIsVisible = 0;
			defaultConfigurationName = Release;
		};
		D44317972C2D998D00623DF9 /* Build configuration list for PBXNativeTarget "AraWidgetExtension" */ = {
			isa = XCConfigurationList;
			buildConfigurations = (
				D44317952C2D998D00623DF9 /* Debug */,
				D44317962C2D998D00623DF9 /* Release */,
			);
			defaultConfigurationIsVisible = 0;
			defaultConfigurationName = Release;
		};
/* End XCConfigurationList section */
	};
	rootObject = D416DEA52BF79C010082E475 /* Project object */;
}
